
Microsoft Visual Studio Solution File, Format Version 12.00
Project("{FAE04EC0-301F-11D3-BF4B-00C04F79EFBC}") = "SafeCore", "SafeCore\SafeCore.csproj", "{236DE868-736B-4E8A-9960-993FE5A784B7}"
EndProject
Project("{2150E333-8FDC-42A3-9474-1A3956D46DE8}") = "Solution Items", "Solution Items", "{C737CF7D-756C-42EA-B2B3-F4B64FA86E79}"
	ProjectSection(SolutionItems) = preProject
		compose.yaml = compose.yaml
	EndProjectSection
EndProject
Global
	GlobalSection(SolutionConfigurationPlatforms) = preSolution
		Debug|Any CPU = Debug|Any CPU
		Release|Any CPU = Release|Any CPU
	EndGlobalSection
	GlobalSection(ProjectConfigurationPlatforms) = postSolution
		{236DE868-736B-4E8A-9960-993FE5A784B7}.Debug|Any CPU.ActiveCfg = Debug|Any CPU
		{236DE868-736B-4E8A-9960-993FE5A784B7}.Debug|Any CPU.Build.0 = Debug|Any CPU
		{236DE868-736B-4E8A-9960-993FE5A784B7}.Release|Any CPU.ActiveCfg = Release|Any CPU
		{236DE868-736B-4E8A-9960-993FE5A784B7}.Release|Any CPU.Build.0 = Release|Any CPU
	EndGlobalSection
EndGlobal
